github.com/ajstarks/svgo v0.0.0-20180226025133-644b8db467af/go.mod h1:K08gAheRH3/J6wwsYMMT4xOr94bZjxIelGM0+d/wbFw=
github.com/aws/aws-sdk-go v1.28.9/go.mod h1:KmX6BPdI08NWTb3/sm4ZGu5ShLoqVDhKgpiN924inxo=
github.com/aws/aws-sdk-go v1.28.10 h1:uPaHYQWRXgI9ZrGrM6rkrHxkJOmI9orcvsTRhJXwX4I=
github.com/aws/aws-sdk-go v1.28.10/go.mod h1:KmX6BPdI08NWTb3/sm4ZGu5ShLoqVDhKgpiN924inxo=
github.com/carterjones/go-cloudflare-scraper v0.1.2 h1:GNmlJEfhIVPVXaEItnPSDtwOpuJo6rFH2SFWuAjeEuM=
github.com/carterjones/go-cloudflare-scraper v0.1.2/go.mod h1:maO/ygX7QWbdh/TzHqr5uR42b2BW81g/05QRx7fpw38=
github.com/carterjones/signalr v0.3.5 h1:kJSw+6a9XmsOb/+9HWTnY8SjTrVOdpzCSPV/9IVS2nI=
github.com/carterjones/signalr v0.3.5/go.mod h1:SOGIwr/0/4GGNjHWSSginY66OVSaOeM85yWCNytdEwE=
github.com/chobie/go-gaussian v0.0.0-20150107165016-53c09d90eeaf h1:joIg05jbCevMTHYELK+iU5xNS6FoOEhp9IpFQ5e2B+8=
github.com/chobie/go-gaussian v0.0.0-20150107165016-53c09d90eeaf/go.mod h1:cTHhhPCN9aDCOgkFM4Pty90DILaV/TrfCRhMtOFCUUI=
github.com/chuckpreslar/emission v0.0.0-20170206194824-a7ddd980baf9 h1:xz6Nv3zcwO2Lila35hcb0QloCQsc38Al13RNEzWRpX4=
github.com/chuckpreslar/emission v0.0.0-20170206194824-a7ddd980baf9/go.mod h1:2wSM9zJkl1UQEFZgSd68NfCgRz1VL1jzy/RjCg+ULrs=
github.com/elazarl/goproxy v0.0.0-20181111060418-2ce16c963a8a/go.mod h1:/Zj4wYkgs4iZTTu3o/KG3Itv/qCCa8VVMlb3i9OVuzc=
github.com/fatih/structs v1.1.0 h1:Q7juDM0QtcnhCpeyLGQKyg4TOIghuNXrkL32pHAUMxo=
github.com/fatih/structs v1.1.0/go.mod h1:9NiDSp5zOcgEDl+j00MP/WkGVPOlPRLejGD8Ga6PJ7M=
github.com/fogleman/gg v1.2.1-0.20190220221249-0403632d5b90/go.mod h1:R/bRT+9gY/C5z7JzPU0zXsXHKM4/ayA+zqcVNZzPa1k=
github.com/go-sql-driver/mysql v1.4.0/go.mod h1:zAC/RDZ24gD3HViQzih4MyKcchzm+sOG5ZlKdlhCg5w=
github.com/gocarina/gocsv v0.0.0-20191214001331-e6697589f2e0 h1:sdE8uEOa+jqwX+g4KedeSL6tzDV2b+n5D64/fiDaGyk=
github.com/gocarina/gocsv v0.0.0-20191214001331-e6697589f2e0/go.mod h1:5YoVOkjYAQumqlV356Hj3xeYh4BdZuLE0/nRkf2NKkI=
github.com/golang/freetype v0.0.0-20170609003504-e2365dfdc4a0/go.mod h1:E/TSTwGwJL78qG/PmXZO1EjYhfJinVAhrmmHX6Z8B9k=
github.com/google/uuid v1.1.1 h1:Gkbcsh/GbpXz7lPftLA3P6TYMwjCLYm83jiFQZF/3gY=
github.com/google/uuid v1.1.1/go.mod h1:TIyPZe4MgqvfeYDBFedMoGGpEw/LqOeaOT+nhxU+yHo=
github.com/gorilla/websocket v1.4.0/go.mod h1:E7qHFY5m1UJ88s3WnNqhKjPHQ0heANvMoAMk2YaljkQ=
github.com/gorilla/websocket v1.4.1 h1:q7AeDBpnBk8AogcD4DSag/Ukw/KV+YhzLj2bP5HvKCM=
github.com/gorilla/websocket v1.4.1/go.mod h1:YR8l580nyteQvAITg2hZ9XVh4b55+EU/adAjf1fMHhE=
github.com/influxdata/influxdb1-client v0.0.0-20191209144304-8bf82d3c094d h1:/WZQPMZNsjZ7IlCpsLGdQBINg5bxKQ1K1sh6awxLtkA=
github.com/influxdata/influxdb1-client v0.0.0-20191209144304-8bf82d3c094d/go.mod h1:qj24IKcXYK6Iy9ceXlo3Tc+vtHo9lIhSX5JddghvEPo=
github.com/jinzhu/copier v0.0.0-20190924061706-b57f9002281a h1:zPPuIq2jAWWPTrGt70eK/BSch+gFAGrNzecsoENgu2o=
github.com/jinzhu/copier v0.0.0-20190924061706-b57f9002281a/go.mod h1:yL958EeXv8Ylng6IfnvG4oflryUi3vgA3xPs9hmII1s=
github.com/jmespath/go-jmespath v0.0.0-20180206201540-c2b33e8439af h1:pmfjZENx5imkbgOkpRUYLnmbU7UEFbjtDA2hxJ1ichM=
github.com/jmespath/go-jmespath v0.0.0-20180206201540-c2b33e8439af/go.mod h1:Nht3zPeWKUH0NzdCt2Blrr5ys8VGpn0CEB0cQHVjt7k=
github.com/jmoiron/sqlx v1.2.0 h1:41Ip0zITnmWNR/vHV+S4m+VoUivnWY5E4OJfLZjCJMA=
github.com/jmoiron/sqlx v1.2.0/go.mod h1:1FEQNm3xlJgrMD+FBdI9+xvCksHtbpVBBw5dYhBSsks=
github.com/jpillora/backoff v1.0.0 h1:uvFg412JmmHBHw7iwprIxkPMI+sGQ4kzOWsMeHnm2EA=
github.com/jpillora/backoff v1.0.0/go.mod h1:J/6gKK9jxlEcS3zixgDgUAsiuZ7yrSoa/FX5e0EB2j4=
github.com/jung-kurt/gofpdf v1.0.3-0.20190309125859-24315acbbda5/go.mod h1:7Id9E/uU8ce6rXgefFLlgrJj/GYY22cpxn+r32jIOes=
github.com/lib/pq v1.0.0/go.mod h1:5WUZQaWbwv1U+lTReE5YruASi9Al49XbQIvNi/34Woo=
github.com/lib/pq v1.3.0 h1:/qkRGz8zljWiDcFvgpwUpwIAPu3r07TDvs3Rws+o/pU=
github.com/lib/pq v1.3.0/go.mod h1:5WUZQaWbwv1U+lTReE5YruASi9Al49XbQIvNi/34Woo=
github.com/mattn/go-sqlite3 v1.9.0/go.mod h1:FPy6KqzDD04eiIsT53CuJW3U88zkxoIYsOqkbpncsNc=
github.com/pkg/errors v0.8.1 h1:iURUrRGxPUNPdy5/HRSm+Yj6okJ6UtLINN0Q9M4+h3I=
github.com/pkg/errors v0.8.1/go.mod h1:bwawxfHBFNV+L2hUp1rHADufV3IMtnDRdf1r5NINEl0=
github.com/robertkrimen/otto v0.0.0-20180617131154-15f95af6e78d h1:1VUlQbCfkoSGv7qP7Y+ro3ap1P1pPZxgdGVqiTVy5C4=
github.com/robertkrimen/otto v0.0.0-20180617131154-15f95af6e78d/go.mod h1:xvqspoSXJTIpemEonrMDFq6XzwHYYgToXWj5eRX1OtY=
github.com/tantralabs/database v0.0.0-20200204183143-0da0f0e5aa3c h1:RMtWxHq2eItiG0nzLupcJXH16wO1jHkK75t+/2VPsW0=
github.com/tantralabs/database v0.0.0-20200204183143-0da0f0e5aa3c/go.mod h1:whSydCr8xhYkq8dPv8s9qFpmb6mN2Osjb1nbHQ2g4FQ=
github.com/tantralabs/eaopt v0.0.0-20200117031806-b5ae12d20441 h1:4LLUBP40oa/AcX8gRnYYc34yx9UDDTYtbPFKIMsSDzE=
github.com/tantralabs/eaopt v0.0.0-20200117031806-b5ae12d20441/go.mod h1:AJj0mJkQXEOhwdgxglbcSmqipxK7B4GadT5d2jL0AF8=
github.com/tantralabs/exchanges v0.0.0-20200204190209-ebc589b6dd8e h1:tzcCkOBN5U3yB9Gkq+wL2mfXqGTgUmGudH75rRj7epE=
github.com/tantralabs/exchanges v0.0.0-20200204190209-ebc589b6dd8e/go.mod h1:3y+zFiK/MmvcGJl1hSdxOzBOyshCuCdBgl/rtcOsv2g=
github.com/tantralabs/logger v0.0.0-20200204183402-925e01159ffa h1:rCtH7d9Gq0k80B3NyW6z80ux73d4JhInbJJPhoMTk9Q=
github.com/tantralabs/logger v0.0.0-20200204183402-925e01159ffa/go.mod h1:4vRaP41rEcVY7qrQxwid+Wv78rDPqwK3omCg3Dy5FRk=
github.com/tantralabs/models v0.0.0-20200203231948-eb968dd6842e/go.mod h1:j90tl5Nd/Unbu24VywxgzYljJzyrxZDZOH8DVsVEf2g=
github.com/tantralabs/models v0.0.0-20200205080328-3261c05d27c0/go.mod h1:j90tl5Nd/Unbu24VywxgzYljJzyrxZDZOH8DVsVEf2g=
github.com/tantralabs/models v0.0.0-20200205081325-d053324d7045 h1:Bkvhw+CHUA0sb9aBrrIlV+5rqjF9EwlPYvDspj7Ad4E=
github.com/tantralabs/models v0.0.0-20200205081325-d053324d7045/go.mod h1:j90tl5Nd/Unbu24VywxgzYljJzyrxZDZOH8DVsVEf2g=
github.com/tantralabs/theo-engine v0.0.0-20200204205855-f307e1ec18e4 h1:zOF96t/vtz/LBKw8CKdXK163ymH8MuqvGfZPgxjyxWw=
github.com/tantralabs/theo-engine v0.0.0-20200204205855-f307e1ec18e4/go.mod h1:yF8aA2CM+9I18VsLYL8ifhUG3uriiQ+cwte2NyWAEVM=
github.com/tantralabs/tradeapi v0.0.0-20200203232623-51c7d08a9113 h1:O/RLLs78ck57itA7RuE55quVZei2AG03OocWSBUdOSM=
github.com/tantralabs/tradeapi v0.0.0-20200203232623-51c7d08a9113/go.mod h1:AM77WQiVBIDd3ZPQEOqkjaPhtOeM9eXe5jAwB8/5rFo=
github.com/tantralabs/utils v0.0.0-20200204185958-7a6749081610/go.mod h1:QN0aHde2cmzDJcZklDsH9F8MchJ2hDpDgdQwXA+QnGA=
github.com/tantralabs/utils v0.0.0-20200205084618-c96405e79c20 h1:CNmEOUY/JVNuYyadC8bQn6eOq8KqrIUAv2yO4dxV+h8=
github.com/tantralabs/utils v0.0.0-20200205084618-c96405e79c20/go.mod h1:v/EAKU/lzBdRiBGEZBWVHPz9sMP/xuhLuwX1bw3vKlY=
github.com/tidwall/gjson v1.3.2 h1:+7p3qQFaH3fOMXAJSrdZwGKcOO/lYdGS0HqGhPqDdTI=
github.com/tidwall/gjson v1.3.2/go.mod h1:P256ACg0Mn+j1RXIDXoss50DeIABTYK1PULOJHhxOls=
github.com/tidwall/match v1.0.1 h1:PnKP62LPNxHKTwvHHZZzdOAOCtsJTjo6dZLCwpKm5xc=
github.com/tidwall/match v1.0.1/go.mod h1:LujAq0jyVjBy028G1WhWfIzbpQfMO8bBZ6Tyb0+pL9E=
github.com/tidwall/pretty v1.0.0 h1:HsD+QiTn7sK6flMKIvNmpqz1qrpP3Ps6jOKIKMooyg4=
github.com/tidwall/pretty v1.0.0/go.mod h1:XNkn88O1ChpSDQmQeStsy+sBenx6DDtFZJxhVysOjyk=
golang.org/x/exp v0.0.0-20180321215751-8460e604b9de/go.mod h1:CJ0aWSM057203Lf6IL+f9T1iT9GByDxfZKAQTCR3kQA=
golang.org/x/exp v0.0.0-20180807140117-3d87b88a115f/go.mod h1:CJ0aWSM057203Lf6IL+f9T1iT9GByDxfZKAQTCR3kQA=
golang.org/x/exp v0.0.0-20190125153040-c74c464bbbf2/go.mod h1:CJ0aWSM057203Lf6IL+f9T1iT9GByDxfZKAQTCR3kQA=
golang.org/x/image v0.0.0-20180708004352-c73c2afc3b81/go.mod h1:ux5Hcp/YLpHSI86hEcLt0YII63i6oz57MZXIpbrjZUs=
golang.org/x/sync v0.0.0-20190911185100-cd5d95a43a6e h1:vcxGaoTs7kV8m5Np9uUNQin4BrLOthgV7252N8V+FwY=
golang.org/x/sync v0.0.0-20190911185100-cd5d95a43a6e/go.mod h1:RxMgew5VJxzue5/jJTE5uejpjVlOe/izrB70Jof72aM=
golang.org/x/tools v0.0.0-20180525024113-a5b4c53f6e8b/go.mod h1:n7NCudcB/nEzxVGmLbDWY5pfWTLqBcC2KZ6jyYvM4mQ=
golang.org/x/tools v0.0.0-20190206041539-40960b6deb8e/go.mod h1:n7NCudcB/nEzxVGmLbDWY5pfWTLqBcC2KZ6jyYvM4mQ=
gonum.org/v1/gonum v0.0.0-20180816165407-929014505bf4/go.mod h1:Y+Yx5eoAFn32cQvJDxZx5Dpnq+c3wtXuadVZAcxbbBo=
gonum.org/v1/gonum v0.6.2 h1:4r+yNT0+8SWcOkXP+63H2zQbN+USnC73cjGUxnDF94Q=
gonum.org/v1/gonum v0.6.2/go.mod h1:9mxDZsDKxgMAuccQkewq682L+0eCu4dCN2yonUJTCLU=
gonum.org/v1/netlib v0.0.0-20190313105609-8cb42192e0e0/go.mod h1:wa6Ws7BG/ESfp6dHfk7C6KdzKA7wR7u/rKwOGE66zvw=
gonum.org/v1/plot v0.0.0-20190515093506-e2840ee46a6b/go.mod h1:Wt8AAjI+ypCyYX3nZBvf6cAIx93T+c/OS2HFAYskSZc=
gopkg.in/sourcemap.v1 v1.0.5 h1:inv58fC9f9J3TK2Y2R1NPntXEn3/wjWHkonhIUODNTI=
gopkg.in/sourcemap.v1 v1.0.5/go.mod h1:2RlvNNSMglmRrcvhfuzp4hQHwOtjxlbjX7UPY/GXb78=
rsc.io/pdf v0.1.1/go.mod h1:n8OzWcQ6Sp37PL01nO98y4iUCRdTGarVfzxY20ICaU4=
